
Microsoft Visual Studio Solution File, Format Version 12.00
# Visual Studio Version 16
VisualStudioVersion = 16.0.30717.126
MinimumVisualStudioVersion = 10.0.40219.1
Project("{8BC9CEB8-8B4A-11D0-8D11-00A0C91BC942}") = "LearnDX11", "LearnDX11\LearnDX11.vcxproj", "{F5856933-0582-470F-B874-01AB8E563DCA}"
EndProject
Global
	GlobalSection(SolutionConfigurationPlatforms) = preSolution
		Debug|x64 = Debug|x64
		Debug|x86 = Debug|x86
		Release|x64 = Release|x64
		Release|x86 = Release|x86
	EndGlobalSection
	GlobalSection(ProjectConfigurationPlatforms) = postSolution
		{F5856933-0582-470F-B874-01AB8E563DCA}.Debug|x64.ActiveCfg = Debug|x64
		{F5856933-0582-470F-B874-01AB8E563DCA}.Debug|x64.Build.0 = Debug|x64
		{F5856933-0582-470F-B874-01AB8E563DCA}.Debug|x86.ActiveCfg = Debug|Win32
		{F5856933-0582-470F-B874-01AB8E563DCA}.Debug|x86.Build.0 = Debug|Win32
		{F5856933-0582-470F-B874-01AB8E563DCA}.Release|x64.ActiveCfg = Release|x64
		{F5856933-0582-470F-B874-01AB8E563DCA}.Release|x64.Build.0 = Release|x64
		{F5856933-0582-470F-B874-01AB8E563DCA}.Release|x86.ActiveCfg = Release|Win32
		{F5856933-0582-470F-B874-01AB8E563DCA}.Release|x86.Build.0 = Release|Win32
	EndGlobalSection
	GlobalSection(SolutionProperties) = preSolution
		HideSolutionNode = FALSE
	EndGlobalSection
	GlobalSection(ExtensibilityGlobals) = postSolution
		SolutionGuid = {AC975859-242B-4983-BF70-0FDDBC2453D6}
	EndGlobalSection
EndGlobal
